// !$*UTF8*$!
{
	archiveVersion = 1;
	classes = {
	};
	objectVersion = 46;
	objects = {

/* Begin PBXBuildFile section */
		296D48611A0B6BEB004F9782 /* AppDelegate.swift in Sources */ = {isa = PBXBuildFile; fileRef = 296D48601A0B6BEB004F9782 /* AppDelegate.swift */; };
		296D48631A0B6BEB004F9782 /* ViewController.swift in Sources */ = {isa = PBXBuildFile; fileRef = 296D48621A0B6BEB004F9782 /* ViewController.swift */; };
		296D48661A0B6BEB004F9782 /* Main.storyboard in Resources */ = {isa = PBXBuildFile; fileRef = 296D48641A0B6BEB004F9782 /* Main.storyboard */; };
		296D48681A0B6BEB004F9782 /* Images.xcassets in Resources */ = {isa = PBXBuildFile; fileRef = 296D48671A0B6BEB004F9782 /* Images.xcassets */; };
		296D486B1A0B6BEB004F9782 /* LaunchScreen.xib in Resources */ = {isa = PBXBuildFile; fileRef = 296D48691A0B6BEB004F9782 /* LaunchScreen.xib */; };
		296D48771A0B6BEC004F9782 /* Urdu_Phonetic_KeyboardTests.swift in Sources */ = {isa = PBXBuildFile; fileRef = 296D48761A0B6BEC004F9782 /* Urdu_Phonetic_KeyboardTests.swift */; };
/* End PBXBuildFile section */

/* Begin PBXContainerItemProxy section */
		296D48711A0B6BEC004F9782 /* PBXContainerItemProxy */ = {
			isa = PBXContainerItemProxy;
			containerPortal = 296D48531A0B6BEB004F9782 /* Project object */;
			proxyType = 1;
			remoteGlobalIDString = 296D485A1A0B6BEB004F9782;
			remoteInfo = "Urdu Phonetic Keyboard";
		};
/* End PBXContainerItemProxy section */

/* Begin PBXFileReference section */
		296D485B1A0B6BEB004F9782 /* Urdu Phonetic Keyboard.app */ = {isa = PBXFileReference; explicitFileType = wrapper.application; includeInIndex = 0; path = "Urdu Phonetic Keyboard.app"; sourceTree = BUILT_PRODUCTS_DIR; };
		296D485F1A0B6BEB004F9782 /* Info.plist */ = {isa = PBXFileReference; lastKnownFileType = text.plist.xml; path = Info.plist; sourceTree = "<group>"; };
		296D48601A0B6BEB004F9782 /* AppDelegate.swift */ = {isa = PBXFileReference; lastKnownFileType = sourcecode.swift; path = AppDelegate.swift; sourceTree = "<group>"; };
		296D48621A0B6BEB004F9782 /* ViewController.swift */ = {isa = PBXFileReference; lastKnownFileType = sourcecode.swift; path = ViewController.swift; sourceTree = "<group>"; };
		296D48651A0B6BEB004F9782 /* Base */ = {isa = PBXFileReference; lastKnownFileType = file.storyboard; name = Base; path = Base.lproj/Main.storyboard; sourceTree = "<group>"; };
		296D48671A0B6BEB004F9782 /* Images.xcassets */ = {isa = PBXFileReference; lastKnownFileType = folder.assetcatalog; path = Images.xcassets; sourceTree = "<group>"; };
		296D486A1A0B6BEB004F9782 /* Base */ = {isa = PBXFileReference; lastKnownFileType = file.xib; name = Base; path = Base.lproj/LaunchScreen.xib; sourceTree = "<group>"; };
		296D48701A0B6BEC004F9782 /* Urdu Phonetic KeyboardTests.xctest */ = {isa = PBXFileReference; explicitFileType = wrapper.cfbundle; includeInIndex = 0; path = "Urdu Phonetic KeyboardTests.xctest"; sourceTree = BUILT_PRODUCTS_DIR; };
		296D48751A0B6BEC004F9782 /* Info.plist */ = {isa = PBXFileReference; lastKnownFileType = text.plist.xml; path = Info.plist; sourceTree = "<group>"; };
		296D48761A0B6BEC004F9782 /* Urdu_Phonetic_KeyboardTests.swift */ = {isa = PBXFileReference; lastKnownFileType = sourcecode.swift; path = Urdu_Phonetic_KeyboardTests.swift; sourceTree = "<group>"; };
/* End PBXFileReference section */

/* Begin PBXFrameworksBuildPhase section */
		296D48581A0B6BEB004F9782 /* Frameworks */ = {
			isa = PBXFrameworksBuildPhase;
			buildActionMask = 2147483647;
			files = (
			);
			runOnlyForDeploymentPostprocessing = 0;
		};
		296D486D1A0B6BEC004F9782 /* Frameworks */ = {
			isa = PBXFrameworksBuildPhase;
			buildActionMask = 2147483647;
			files = (
			);
			runOnlyForDeploymentPostprocessing = 0;
		};
/* End PBXFrameworksBuildPhase section */

/* Begin PBXGroup section */
		296D48521A0B6BEB004F9782 = {
			isa = PBXGroup;
			children = (
				296D485D1A0B6BEB004F9782 /* Urdu Phonetic Keyboard */,
				296D48731A0B6BEC004F9782 /* Urdu Phonetic KeyboardTests */,
				296D485C1A0B6BEB004F9782 /* Products */,
			);
			sourceTree = "<group>";
		};
		296D485C1A0B6BEB004F9782 /* Products */ = {
			isa = PBXGroup;
			children = (
				296D485B1A0B6BEB004F9782 /* Urdu Phonetic Keyboard.app */,
				296D48701A0B6BEC004F9782 /* Urdu Phonetic KeyboardTests.xctest */,
			);
			name = Products;
			sourceTree = "<group>";
		};
		296D485D1A0B6BEB004F9782 /* Urdu Phonetic Keyboard */ = {
			isa = PBXGroup;
			children = (
				296D48601A0B6BEB004F9782 /* AppDelegate.swift */,
				296D48621A0B6BEB004F9782 /* ViewController.swift */,
				296D48641A0B6BEB004F9782 /* Main.storyboard */,
				296D48671A0B6BEB004F9782 /* Images.xcassets */,
				296D48691A0B6BEB004F9782 /* LaunchScreen.xib */,
				296D485E1A0B6BEB004F9782 /* Supporting Files */,
			);
			path = "Urdu Phonetic Keyboard";
			sourceTree = "<group>";
		};
		296D485E1A0B6BEB004F9782 /* Supporting Files */ = {
			isa = PBXGroup;
			children = (
				296D485F1A0B6BEB004F9782 /* Info.plist */,
			);
			name = "Supporting Files";
			sourceTree = "<group>";
		};
		296D48731A0B6BEC004F9782 /* Urdu Phonetic KeyboardTests */ = {
			isa = PBXGroup;
			children = (
				296D48761A0B6BEC004F9782 /* Urdu_Phonetic_KeyboardTests.swift */,
				296D48741A0B6BEC004F9782 /* Supporting Files */,
			);
			path = "Urdu Phonetic KeyboardTests";
			sourceTree = "<group>";
		};
		296D48741A0B6BEC004F9782 /* Supporting Files */ = {
			isa = PBXGroup;
			children = (
				296D48751A0B6BEC004F9782 /* Info.plist */,
			);
			name = "Supporting Files";
			sourceTree = "<group>";
		};
/* End PBXGroup section */

/* Begin PBXNativeTarget section */
		296D485A1A0B6BEB004F9782 /* Urdu Phonetic Keyboard */ = {
			isa = PBXNativeTarget;
			buildConfigurationList = 296D487A1A0B6BEC004F9782 /* Build configuration list for PBXNativeTarget "Urdu Phonetic Keyboard" */;
			buildPhases = (
				296D48571A0B6BEB004F9782 /* Sources */,
				296D48581A0B6BEB004F9782 /* Frameworks */,
				296D48591A0B6BEB004F9782 /* Resources */,
			);
			buildRules = (
			);
			dependencies = (
			);
			name = "Urdu Phonetic Keyboard";
			productName = "Urdu Phonetic Keyboard";
			productReference = 296D485B1A0B6BEB004F9782 /* Urdu Phonetic Keyboard.app */;
			productType = "com.apple.product-type.application";
		};
		296D486F1A0B6BEC004F9782 /* Urdu Phonetic KeyboardTests */ = {
			isa = PBXNativeTarget;
			buildConfigurationList = 296D487D1A0B6BEC004F9782 /* Build configuration list for PBXNativeTarget "Urdu Phonetic KeyboardTests" */;
			buildPhases = (
				296D486C1A0B6BEC004F9782 /* Sources */,
				296D486D1A0B6BEC004F9782 /* Frameworks */,
				296D486E1A0B6BEC004F9782 /* Resources */,
			);
			buildRules = (
			);
			dependencies = (
				296D48721A0B6BEC004F9782 /* PBXTargetDependency */,
			);
			name = "Urdu Phonetic KeyboardTests";
			productName = "Urdu Phonetic KeyboardTests";
			productReference = 296D48701A0B6BEC004F9782 /* Urdu Phonetic KeyboardTests.xctest */;
			productType = "com.apple.product-type.bundle.unit-test";
		};
/* End PBXNativeTarget section */

/* Begin PBXProject section */
		296D48531A0B6BEB004F9782 /* Project object */ = {
			isa = PBXProject;
			attributes = {
				LastUpgradeCheck = 0610;
				ORGANIZATIONNAME = FahadMusafa;
				TargetAttributes = {
					296D485A1A0B6BEB004F9782 = {
						CreatedOnToolsVersion = 6.1;
					};
					296D486F1A0B6BEC004F9782 = {
						CreatedOnToolsVersion = 6.1;
						TestTargetID = 296D485A1A0B6BEB004F9782;
					};
				};
			};
			buildConfigurationList = 296D48561A0B6BEB004F9782 /* Build configuration list for PBXProject "Urdu Phonetic Keyboard" */;
			compatibilityVersion = "Xcode 3.2";
			developmentRegion = English;
			hasScannedForEncodings = 0;
			knownRegions = (
				en,
				Base,
			);
			mainGroup = 296D48521A0B6BEB004F9782;
			productRefGroup = 296D485C1A0B6BEB004F9782 /* Products */;
			projectDirPath = "";
			projectRoot = "";
			targets = (
				296D485A1A0B6BEB004F9782 /* Urdu Phonetic Keyboard */,
				296D486F1A0B6BEC004F9782 /* Urdu Phonetic KeyboardTests */,
			);
		};
/* End PBXProject section */

/* Begin PBXResourcesBuildPhase section */
		296D48591A0B6BEB004F9782 /* Resources */ = {
			isa = PBXResourcesBuildPhase;
			buildActionMask = 2147483647;
			files = (
				296D48661A0B6BEB004F9782 /* Main.storyboard in Resources */,
				296D486B1A0B6BEB004F9782 /* LaunchScreen.xib in Resources */,
				296D48681A0B6BEB004F9782 /* Images.xcassets in Resources */,
			);
			runOnlyForDeploymentPostprocessing = 0;
		};
		296D486E1A0B6BEC004F9782 /* Resources */ = {
			isa = PBXResourcesBuildPhase;
			buildActionMask = 2147483647;
			files = (
			);
			runOnlyForDeploymentPostprocessing = 0;
		};
/* End PBXResourcesBuildPhase section */

/* Begin PBXSourcesBuildPhase section */
		296D48571A0B6BEB004F9782 /* Sources */ = {
			isa = PBXSourcesBuildPhase;
			buildActionMask = 2147483647;
			files = (
				296D48631A0B6BEB004F9782 /* ViewController.swift in Sources */,
				296D48611A0B6BEB004F9782 /* AppDelegate.swift in Sources */,
			);
			runOnlyForDeploymentPostprocessing = 0;
		};
		296D486C1A0B6BEC004F9782 /* Sources */ = {
			isa = PBXSourcesBuildPhase;
			buildActionMask = 2147483647;
			files = (
				296D48771A0B6BEC004F9782 /* Urdu_Phonetic_KeyboardTests.swift in Sources */,
			);
			runOnlyForDeploymentPostprocessing = 0;
		};
/* End PBXSourcesBuildPhase section */

/* Begin PBXTargetDependency section */
		296D48721A0B6BEC004F9782 /* PBXTargetDependency */ = {
			isa = PBXTargetDependency;
			target = 296D485A1A0B6BEB004F9782 /* Urdu Phonetic Keyboard */;
			targetProxy = 296D48711A0B6BEC004F9782 /* PBXContainerItemProxy */;
		};
/* End PBXTargetDependency section */

/* Begin PBXVariantGroup section */
		296D48641A0B6BEB004F9782 /* Main.storyboard */ = {
			isa = PBXVariantGroup;
			children = (
				296D48651A0B6BEB004F9782 /* Base */,
			);
			name = Main.storyboard;
			sourceTree = "<group>";
		};
		296D48691A0B6BEB004F9782 /* LaunchScreen.xib */ = {
			isa = PBXVariantGroup;
			children = (
				296D486A1A0B6BEB004F9782 /* Base */,
			);
			name = LaunchScreen.xib;
			sourceTree = "<group>";
		};
/* End PBXVariantGroup section */

/* Begin XCBuildConfiguration section */
		296D48781A0B6BEC004F9782 /* Debug */ = {
			isa = XCBuildConfiguration;
			buildSettings = {
				ALWAYS_SEARCH_USER_PATHS = NO;
				CLANG_CXX_LANGUAGE_STANDARD = "gnu++0x";
				CLANG_CXX_LIBRARY = "libc++";
				CLANG_ENABLE_MODULES = YES;
				CLANG_ENABLE_OBJC_ARC = YES;
				CLANG_WARN_BOOL_CONVERSION = YES;
				CLANG_WARN_CONSTANT_CONVERSION = YES;
				CLANG_WARN_DIRECT_OBJC_ISA_USAGE = YES_ERROR;
				CLANG_WARN_EMPTY_BODY = YES;
				CLANG_WARN_ENUM_CONVERSION = YES;
				CLANG_WARN_INT_CONVERSION = YES;
				CLANG_WARN_OBJC_ROOT_CLASS = YES_ERROR;
				CLANG_WARN_UNREACHABLE_CODE = YES;
				CLANG_WARN__DUPLICATE_METHOD_MATCH = YES;
				"CODE_SIGN_IDENTITY[sdk=iphoneos*]" = "iPhone Developer";
				COPY_PHASE_STRIP = NO;
				ENABLE_STRICT_OBJC_MSGSEND = YES;
				GCC_C_LANGUAGE_STANDARD = gnu99;
				GCC_DYNAMIC_NO_PIC = NO;
				GCC_OPTIMIZATION_LEVEL = 0;
				GCC_PREPROCESSOR_DEFINITIONS = (
					"DEBUG=1",
					"$(inherited)",
				);
				GCC_SYMBOLS_PRIVATE_EXTERN = NO;
				GCC_WARN_64_TO_32_BIT_CONVERSION = YES;
				GCC_WARN_ABOUT_RETURN_TYPE = YES_ERROR;
				GCC_WARN_UNDECLARED_SELECTOR = YES;
				GCC_WARN_UNINITIALIZED_AUTOS = YES_AGGRESSIVE;
				GCC_WARN_UNUSED_FUNCTION = YES;
				GCC_WARN_UNUSED_VARIABLE = YES;
				IPHONEOS_DEPLOYMENT_TARGET = 8.1;
				MTL_ENABLE_DEBUG_INFO = YES;
				ONLY_ACTIVE_ARCH = YES;
				SDKROOT = iphoneos;
				SWIFT_OPTIMIZATION_LEVEL = "-Onone";
			};
			name = Debug;
		};
		296D48791A0B6BEC004F9782 /* Release */ = {
			isa = XCBuildConfiguration;
			buildSettings = {
				ALWAYS_SEARCH_USER_PATHS = NO;
				CLANG_CXX_LANGUAGE_STANDARD = "gnu++0x";
				CLANG_CXX_LIBRARY = "libc++";
				CLANG_ENABLE_MODULES = YES;
				CLANG_ENABLE_OBJC_ARC = YES;
				CLANG_WARN_BOOL_CONVERSION = YES;
				CLANG_WARN_CONSTANT_CONVERSION = YES;
				CLANG_WARN_DIRECT_OBJC_ISA_USAGE = YES_ERROR;
				CLANG_WARN_EMPTY_BODY = YES;
				CLANG_WARN_ENUM_CONVERSION = YES;
				CLANG_WARN_INT_CONVERSION = YES;
				CLANG_WARN_OBJC_ROOT_CLASS = YES_ERROR;
				CLANG_WARN_UNREACHABLE_CODE = YES;
				CLANG_WARN__DUPLICATE_METHOD_MATCH = YES;
				"CODE_SIGN_IDENTITY[sdk=iphoneos*]" = "iPhone Developer";
				COPY_PHASE_STRIP = YES;
				ENABLE_NS_ASSERTIONS = NO;
				ENABLE_STRICT_OBJC_MSGSEND = YES;
				GCC_C_LANGUAGE_STANDARD = gnu99;
				GCC_WARN_64_TO_32_BIT_CONVERSION = YES;
				GCC_WARN_ABOUT_RETURN_TYPE = YES_ERROR;
				GCC_WARN_UNDECLARED_SELECTOR = YES;
				GCC_WARN_UNINITIALIZED_AUTOS = YES_AGGRESSIVE;
				GCC_WARN_UNUSED_FUNCTION = YES;
				GCC_WARN_UNUSED_VARIABLE = YES;
				IPHONEOS_DEPLOYMENT_TARGET = 8.1;
				MTL_ENABLE_DEBUG_INFO = NO;
				SDKROOT = iphoneos;
				VALIDATE_PRODUCT = YES;
			};
			name = Release;
		};
		296D487B1A0B6BEC004F9782 /* Debug */ = {
			isa = XCBuildConfiguration;
			buildSettings = {
				ASSETCATALOG_COMPILER_APPICON_NAME = AppIcon;
				INFOPLIST_FILE = "Urdu Phonetic Keyboard/Info.plist";
				LD_RUNPATH_SEARCH_PATHS = "$(inherited) @executable_path/Frameworks";
				PRODUCT_NAME = "$(TARGET_NAME)";
			};
			name = Debug;
		};
		296D487C1A0B6BEC004F9782 /* Release */ = {
			isa = XCBuildConfiguration;
			buildSettings = {
				ASSETCATALOG_COMPILER_APPICON_NAME = AppIcon;
				INFOPLIST_FILE = "Urdu Phonetic Keyboard/Info.plist";
				LD_RUNPATH_SEARCH_PATHS = "$(inherited) @executable_path/Frameworks";
				PRODUCT_NAME = "$(TARGET_NAME)";
			};
			name = Release;
		};
		296D487E1A0B6BEC004F9782 /* Debug */ = {
			isa = XCBuildConfiguration;
			buildSettings = {
				BUNDLE_LOADER = "$(TEST_HOST)";
				FRAMEWORK_SEARCH_PATHS = (
					"$(SDKROOT)/Developer/Library/Frameworks",
					"$(inherited)",
				);
				GCC_PREPROCESSOR_DEFINITIONS = (
					"DEBUG=1",
					"$(inherited)",
				);
				INFOPLIST_FILE = "Urdu Phonetic KeyboardTests/Info.plist";
				LD_RUNPATH_SEARCH_PATHS = "$(inherited) @executable_path/Frameworks @loader_path/Frameworks";
				PRODUCT_NAME = "$(TARGET_NAME)";
				TEST_HOST = "$(BUILT_PRODUCTS_DIR)/Urdu Phonetic Keyboard.app/Urdu Phonetic Keyboard";
			};
			name = Debug;
		};
		296D487F1A0B6BEC004F9782 /* Release */ = {
			isa = XCBuildConfiguration;
			buildSettings = {
				BUNDLE_LOADER = "$(TEST_HOST)";
				FRAMEWORK_SEARCH_PATHS = (
					"$(SDKROOT)/Developer/Library/Frameworks",
					"$(inherited)",
				);
				INFOPLIST_FILE = "Urdu Phonetic KeyboardTests/Info.plist";
				LD_RUNPATH_SEARCH_PATHS = "$(inherited) @executable_path/Frameworks @loader_path/Frameworks";
				PRODUCT_NAME = "$(TARGET_NAME)";
				TEST_HOST = "$(BUILT_PRODUCTS_DIR)/Urdu Phonetic Keyboard.app/Urdu Phonetic Keyboard";
			};
			name = Release;
		};
/* End XCBuildConfiguration section */

/* Begin XCConfigurationList section */
		296D48561A0B6BEB004F9782 /* Build configuration list for PBXProject "Urdu Phonetic Keyboard" */ = {
			isa = XCConfigurationList;
			buildConfigurations = (
				296D48781A0B6BEC004F9782 /* Debug */,
				296D48791A0B6BEC004F9782 /* Release */,
			);
			defaultConfigurationIsVisible = 0;
			defaultConfigurationName = Release;
		};
		296D487A1A0B6BEC004F9782 /* Build configuration list for PBXNativeTarget "Urdu Phonetic Keyboard" */ = {
			isa = XCConfigurationList;
			buildConfigurations = (
				296D487B1A0B6BEC004F9782 /* Debug */,
				296D487C1A0B6BEC004F9782 /* Release */,
			);
			defaultConfigurationIsVisible = 0;
		};
		296D487D1A0B6BEC004F9782 /* Build configuration list for PBXNativeTarget "Urdu Phonetic KeyboardTests" */ = {
			isa = XCConfigurationList;
			buildConfigurations = (
				296D487E1A0B6BEC004F9782 /* Debug */,
				296D487F1A0B6BEC004F9782 /* Release */,
			);
			defaultConfigurationIsVisible = 0;
		};
/* End XCConfigurationList section */
	};
	rootObject = 296D48531A0B6BEB004F9782 /* Project object */;
}
